
Microsoft Visual Studio Solution File, Format Version 12.00
# Visual Studio 15
VisualStudioVersion = 15.0.28010.2036
MinimumVisualStudioVersion = 10.0.40219.1
Project("{FAE04EC0-301F-11D3-BF4B-00C04F79EFBC}") = "AcmeData", "AcmeData\AcmeData.csproj", "{BE9D5BB3-E233-490D-BE43-B4F2E609688B}"
EndProject
Global
	GlobalSection(SolutionConfigurationPlatforms) = preSolution
		Debug|Any CPU = Debug|Any CPU
		Release|Any CPU = Release|Any CPU
	EndGlobalSection
	GlobalSection(ProjectConfigurationPlatforms) = postSolution
		{BE9D5BB3-E233-490D-BE43-B4F2E609688B}.Debug|Any CPU.ActiveCfg = Debug|Any CPU
		{BE9D5BB3-E233-490D-BE43-B4F2E609688B}.Debug|Any CPU.Build.0 = Debug|Any CPU
		{BE9D5BB3-E233-490D-BE43-B4F2E609688B}.Release|Any CPU.ActiveCfg = Release|Any CPU
		{BE9D5BB3-E233-490D-BE43-B4F2E609688B}.Release|Any CPU.Build.0 = Release|Any CPU
	EndGlobalSection
	GlobalSection(SolutionProperties) = preSolution
		HideSolutionNode = FALSE
	EndGlobalSection
	GlobalSection(ExtensibilityGlobals) = postSolution
		SolutionGuid = {BA6F7A02-B530-4514-97D1-B3F14370F720}
	EndGlobalSection
EndGlobal
